
Microsoft Visual Studio Solution File, Format Version 12.00
# Visual Studio Version 17
VisualStudioVersion = 17.8.34309.116
MinimumVisualStudioVersion = 10.0.40219.1
Project("{FAE04EC0-301F-11D3-BF4B-00C04F79EFBC}") = "ProductCatalogue", "ProductCatalogue.csproj", "{551D8882-74D6-4837-884D-01D947A11055}"
EndProject
Global
	GlobalSection(SolutionConfigurationPlatforms) = preSolution
		Debug|Any CPU = Debug|Any CPU
		Release|Any CPU = Release|Any CPU
	EndGlobalSection
	GlobalSection(ProjectConfigurationPlatforms) = postSolution
		{551D8882-74D6-4837-884D-01D947A11055}.Debug|Any CPU.ActiveCfg = Debug|Any CPU
		{551D8882-74D6-4837-884D-01D947A11055}.Debug|Any CPU.Build.0 = Debug|Any CPU
		{551D8882-74D6-4837-884D-01D947A11055}.Release|Any CPU.ActiveCfg = Release|Any CPU
		{551D8882-74D6-4837-884D-01D947A11055}.Release|Any CPU.Build.0 = Release|Any CPU
	EndGlobalSection
	GlobalSection(SolutionProperties) = preSolution
		HideSolutionNode = FALSE
	EndGlobalSection
	GlobalSection(ExtensibilityGlobals) = postSolution
		SolutionGuid = {440FB79A-7B70-4ED5-B68E-30CCD0CA36E4}
	EndGlobalSection
EndGlobal
